// !$*UTF8*$!
{
	archiveVersion = 1;
	classes = {
	};
	objectVersion = 56;
	objects = {

/* Begin PBXBuildFile section */
		BD8976462A4C8E8600238BCE /* evermoreApp.swift in Sources */ = {isa = PBXBuildFile; fileRef = BD8976452A4C8E8600238BCE /* evermoreApp.swift */; };
		BD8976482A4C8E8600238BCE /* evermore.swift in Sources */ = {isa = PBXBuildFile; fileRef = BD8976472A4C8E8600238BCE /* evermore.swift */; };
		BD89764A2A4C8E8700238BCE /* tree.xcassets in Resources */ = {isa = PBXBuildFile; fileRef = BD8976492A4C8E8700238BCE /* tree.xcassets */; };
		BD89764D2A4C8E8700238BCE /* Preview Assets.xcassets in Resources */ = {isa = PBXBuildFile; fileRef = BD89764C2A4C8E8700238BCE /* Preview Assets.xcassets */; };
		BD8976542A4C8F8D00238BCE /* welcome.swift in Sources */ = {isa = PBXBuildFile; fileRef = BD8976532A4C8F8D00238BCE /* welcome.swift */; };
		BD8976582A4C90C600238BCE /* agenda.swift in Sources */ = {isa = PBXBuildFile; fileRef = BD8976572A4C90C600238BCE /* agenda.swift */; };
		BD89765A2A4C912800238BCE /* tasks.swift in Sources */ = {isa = PBXBuildFile; fileRef = BD8976592A4C912800238BCE /* tasks.swift */; };
		BD89765C2A4C913100238BCE /* events.swift in Sources */ = {isa = PBXBuildFile; fileRef = BD89765B2A4C913100238BCE /* events.swift */; };
		BD89765E2A4C914100238BCE /* scheduling.swift in Sources */ = {isa = PBXBuildFile; fileRef = BD89765D2A4C914100238BCE /* scheduling.swift */; };
		BD8976602A4C914C00238BCE /* journal.swift in Sources */ = {isa = PBXBuildFile; fileRef = BD89765F2A4C914C00238BCE /* journal.swift */; };
		BD8976622A4C916000238BCE /* journalDate.swift in Sources */ = {isa = PBXBuildFile; fileRef = BD8976612A4C916000238BCE /* journalDate.swift */; };
		BD8976642A4C916D00238BCE /* affirmation.swift in Sources */ = {isa = PBXBuildFile; fileRef = BD8976632A4C916D00238BCE /* affirmation.swift */; };
		BD8976662A4CC6F500238BCE /* happyJournalDate.swift in Sources */ = {isa = PBXBuildFile; fileRef = BD8976652A4CC6F500238BCE /* happyJournalDate.swift */; };
		BD8976682A4CC70000238BCE /* sadJournalDate.swift in Sources */ = {isa = PBXBuildFile; fileRef = BD8976672A4CC70000238BCE /* sadJournalDate.swift */; };
		BD89766A2A4CC71E00238BCE /* overwhelmedJournalDate.swift in Sources */ = {isa = PBXBuildFile; fileRef = BD8976692A4CC71E00238BCE /* overwhelmedJournalDate.swift */; };
		BD89766C2A4CC72D00238BCE /* insecureJournalDate.swift in Sources */ = {isa = PBXBuildFile; fileRef = BD89766B2A4CC72D00238BCE /* insecureJournalDate.swift */; };
		BD89766E2A4CC73F00238BCE /* anxiousJournalDate.swift in Sources */ = {isa = PBXBuildFile; fileRef = BD89766D2A4CC73F00238BCE /* anxiousJournalDate.swift */; };
		BD8976702A4CC75800238BCE /* worriedJournalDate.swift in Sources */ = {isa = PBXBuildFile; fileRef = BD89766F2A4CC75800238BCE /* worriedJournalDate.swift */; };
		BD8976722A4CC76400238BCE /* frustratedJournalDate.swift in Sources */ = {isa = PBXBuildFile; fileRef = BD8976712A4CC76400238BCE /* frustratedJournalDate.swift */; };
/* End PBXBuildFile section */

/* Begin PBXFileReference section */
		BD8976422A4C8E8600238BCE /* evermore.app */ = {isa = PBXFileReference; explicitFileType = wrapper.application; includeInIndex = 0; path = evermore.app; sourceTree = BUILT_PRODUCTS_DIR; };
		BD8976452A4C8E8600238BCE /* evermoreApp.swift */ = {isa = PBXFileReference; lastKnownFileType = sourcecode.swift; path = evermoreApp.swift; sourceTree = "<group>"; };
		BD8976472A4C8E8600238BCE /* evermore.swift */ = {isa = PBXFileReference; lastKnownFileType = sourcecode.swift; path = evermore.swift; sourceTree = "<group>"; };
		BD8976492A4C8E8700238BCE /* tree.xcassets */ = {isa = PBXFileReference; lastKnownFileType = folder.assetcatalog; path = tree.xcassets; sourceTree = "<group>"; };
		BD89764C2A4C8E8700238BCE /* Preview Assets.xcassets */ = {isa = PBXFileReference; lastKnownFileType = folder.assetcatalog; path = "Preview Assets.xcassets"; sourceTree = "<group>"; };
		BD8976532A4C8F8D00238BCE /* welcome.swift */ = {isa = PBXFileReference; lastKnownFileType = sourcecode.swift; path = welcome.swift; sourceTree = "<group>"; };
		BD8976572A4C90C600238BCE /* agenda.swift */ = {isa = PBXFileReference; lastKnownFileType = sourcecode.swift; path = agenda.swift; sourceTree = "<group>"; };
		BD8976592A4C912800238BCE /* tasks.swift */ = {isa = PBXFileReference; lastKnownFileType = sourcecode.swift; path = tasks.swift; sourceTree = "<group>"; };
		BD89765B2A4C913100238BCE /* events.swift */ = {isa = PBXFileReference; lastKnownFileType = sourcecode.swift; path = events.swift; sourceTree = "<group>"; };
		BD89765D2A4C914100238BCE /* scheduling.swift */ = {isa = PBXFileReference; lastKnownFileType = sourcecode.swift; path = scheduling.swift; sourceTree = "<group>"; };
		BD89765F2A4C914C00238BCE /* journal.swift */ = {isa = PBXFileReference; lastKnownFileType = sourcecode.swift; path = journal.swift; sourceTree = "<group>"; };
		BD8976612A4C916000238BCE /* journalDate.swift */ = {isa = PBXFileReference; lastKnownFileType = sourcecode.swift; path = journalDate.swift; sourceTree = "<group>"; };
		BD8976632A4C916D00238BCE /* affirmation.swift */ = {isa = PBXFileReference; lastKnownFileType = sourcecode.swift; path = affirmation.swift; sourceTree = "<group>"; };
		BD8976652A4CC6F500238BCE /* happyJournalDate.swift */ = {isa = PBXFileReference; lastKnownFileType = sourcecode.swift; path = happyJournalDate.swift; sourceTree = "<group>"; };
		BD8976672A4CC70000238BCE /* sadJournalDate.swift */ = {isa = PBXFileReference; lastKnownFileType = sourcecode.swift; path = sadJournalDate.swift; sourceTree = "<group>"; };
		BD8976692A4CC71E00238BCE /* overwhelmedJournalDate.swift */ = {isa = PBXFileReference; lastKnownFileType = sourcecode.swift; path = overwhelmedJournalDate.swift; sourceTree = "<group>"; };
		BD89766B2A4CC72D00238BCE /* insecureJournalDate.swift */ = {isa = PBXFileReference; lastKnownFileType = sourcecode.swift; path = insecureJournalDate.swift; sourceTree = "<group>"; };
		BD89766D2A4CC73F00238BCE /* anxiousJournalDate.swift */ = {isa = PBXFileReference; lastKnownFileType = sourcecode.swift; path = anxiousJournalDate.swift; sourceTree = "<group>"; };
		BD89766F2A4CC75800238BCE /* worriedJournalDate.swift */ = {isa = PBXFileReference; lastKnownFileType = sourcecode.swift; path = worriedJournalDate.swift; sourceTree = "<group>"; };
		BD8976712A4CC76400238BCE /* frustratedJournalDate.swift */ = {isa = PBXFileReference; lastKnownFileType = sourcecode.swift; path = frustratedJournalDate.swift; sourceTree = "<group>"; };
/* End PBXFileReference section */

/* Begin PBXFrameworksBuildPhase section */
		BD89763F2A4C8E8600238BCE /* Frameworks */ = {
			isa = PBXFrameworksBuildPhase;
			buildActionMask = 2147483647;
			files = (
			);
			runOnlyForDeploymentPostprocessing = 0;
		};
/* End PBXFrameworksBuildPhase section */

/* Begin PBXGroup section */
		BD8976392A4C8E8600238BCE = {
			isa = PBXGroup;
			children = (
				BD8976442A4C8E8600238BCE /* evermore */,
				BD8976432A4C8E8600238BCE /* Products */,
			);
			sourceTree = "<group>";
		};
		BD8976432A4C8E8600238BCE /* Products */ = {
			isa = PBXGroup;
			children = (
				BD8976422A4C8E8600238BCE /* evermore.app */,
			);
			name = Products;
			sourceTree = "<group>";
		};
		BD8976442A4C8E8600238BCE /* evermore */ = {
			isa = PBXGroup;
			children = (
				BD8976452A4C8E8600238BCE /* evermoreApp.swift */,
				BD8976472A4C8E8600238BCE /* evermore.swift */,
				BD8976532A4C8F8D00238BCE /* welcome.swift */,
				BD8976592A4C912800238BCE /* tasks.swift */,
				BD8976572A4C90C600238BCE /* agenda.swift */,
				BD89765B2A4C913100238BCE /* events.swift */,
				BD89765D2A4C914100238BCE /* scheduling.swift */,
				BD89765F2A4C914C00238BCE /* journal.swift */,
				BD8976612A4C916000238BCE /* journalDate.swift */,
				BD8976652A4CC6F500238BCE /* happyJournalDate.swift */,
				BD8976672A4CC70000238BCE /* sadJournalDate.swift */,
				BD8976692A4CC71E00238BCE /* overwhelmedJournalDate.swift */,
				BD89766B2A4CC72D00238BCE /* insecureJournalDate.swift */,
				BD89766D2A4CC73F00238BCE /* anxiousJournalDate.swift */,
				BD89766F2A4CC75800238BCE /* worriedJournalDate.swift */,
				BD8976712A4CC76400238BCE /* frustratedJournalDate.swift */,
				BD8976632A4C916D00238BCE /* affirmation.swift */,
				BD8976492A4C8E8700238BCE /* tree.xcassets */,
				BD89764B2A4C8E8700238BCE /* Preview Content */,
			);
			path = evermore;
			sourceTree = "<group>";
		};
		BD89764B2A4C8E8700238BCE /* Preview Content */ = {
			isa = PBXGroup;
			children = (
				BD89764C2A4C8E8700238BCE /* Preview Assets.xcassets */,
			);
			path = "Preview Content";
			sourceTree = "<group>";
		};
/* End PBXGroup section */

/* Begin PBXNativeTarget section */
		BD8976412A4C8E8600238BCE /* evermore */ = {
			isa = PBXNativeTarget;
			buildConfigurationList = BD8976502A4C8E8700238BCE /* Build configuration list for PBXNativeTarget "evermore" */;
			buildPhases = (
				BD89763E2A4C8E8600238BCE /* Sources */,
				BD89763F2A4C8E8600238BCE /* Frameworks */,
				BD8976402A4C8E8600238BCE /* Resources */,
			);
			buildRules = (
			);
			dependencies = (
			);
			name = evermore;
			productName = evermore;
			productReference = BD8976422A4C8E8600238BCE /* evermore.app */;
			productType = "com.apple.product-type.application";
		};
/* End PBXNativeTarget section */

/* Begin PBXProject section */
		BD89763A2A4C8E8600238BCE /* Project object */ = {
			isa = PBXProject;
			attributes = {
				BuildIndependentTargetsInParallel = 1;
				LastSwiftUpdateCheck = 1430;
				LastUpgradeCheck = 1430;
				TargetAttributes = {
					BD8976412A4C8E8600238BCE = {
						CreatedOnToolsVersion = 14.3.1;
					};
				};
			};
			buildConfigurationList = BD89763D2A4C8E8600238BCE /* Build configuration list for PBXProject "evermore" */;
			compatibilityVersion = "Xcode 14.0";
			developmentRegion = en;
			hasScannedForEncodings = 0;
			knownRegions = (
				en,
				Base,
			);
			mainGroup = BD8976392A4C8E8600238BCE;
			productRefGroup = BD8976432A4C8E8600238BCE /* Products */;
			projectDirPath = "";
			projectRoot = "";
			targets = (
				BD8976412A4C8E8600238BCE /* evermore */,
			);
		};
/* End PBXProject section */

/* Begin PBXResourcesBuildPhase section */
		BD8976402A4C8E8600238BCE /* Resources */ = {
			isa = PBXResourcesBuildPhase;
			buildActionMask = 2147483647;
			files = (
				BD89764D2A4C8E8700238BCE /* Preview Assets.xcassets in Resources */,
				BD89764A2A4C8E8700238BCE /* tree.xcassets in Resources */,
			);
			runOnlyForDeploymentPostprocessing = 0;
		};
/* End PBXResourcesBuildPhase section */

/* Begin PBXSourcesBuildPhase section */
		BD89763E2A4C8E8600238BCE /* Sources */ = {
			isa = PBXSourcesBuildPhase;
			buildActionMask = 2147483647;
			files = (
				BD8976722A4CC76400238BCE /* frustratedJournalDate.swift in Sources */,
				BD8976682A4CC70000238BCE /* sadJournalDate.swift in Sources */,
				BD89765E2A4C914100238BCE /* scheduling.swift in Sources */,
				BD89766E2A4CC73F00238BCE /* anxiousJournalDate.swift in Sources */,
				BD8976482A4C8E8600238BCE /* evermore.swift in Sources */,
				BD89765A2A4C912800238BCE /* tasks.swift in Sources */,
				BD8976662A4CC6F500238BCE /* happyJournalDate.swift in Sources */,
				BD89766A2A4CC71E00238BCE /* overwhelmedJournalDate.swift in Sources */,
				BD8976602A4C914C00238BCE /* journal.swift in Sources */,
				BD89765C2A4C913100238BCE /* events.swift in Sources */,
				BD89766C2A4CC72D00238BCE /* insecureJournalDate.swift in Sources */,
				BD8976642A4C916D00238BCE /* affirmation.swift in Sources */,
				BD8976462A4C8E8600238BCE /* evermoreApp.swift in Sources */,
				BD8976622A4C916000238BCE /* journalDate.swift in Sources */,
				BD8976582A4C90C600238BCE /* agenda.swift in Sources */,
				BD8976542A4C8F8D00238BCE /* welcome.swift in Sources */,
				BD8976702A4CC75800238BCE /* worriedJournalDate.swift in Sources */,
			);
			runOnlyForDeploymentPostprocessing = 0;
		};
/* End PBXSourcesBuildPhase section */

/* Begin XCBuildConfiguration section */
		BD89764E2A4C8E8700238BCE /* Debug */ = {
			isa = XCBuildConfiguration;
			buildSettings = {
				ALWAYS_SEARCH_USER_PATHS = NO;
				CLANG_ANALYZER_NONNULL = YES;
				CLANG_ANALYZER_NUMBER_OBJECT_CONVERSION = YES_AGGRESSIVE;
				CLANG_CXX_LANGUAGE_STANDARD = "gnu++20";
				CLANG_ENABLE_MODULES = YES;
				CLANG_ENABLE_OBJC_ARC = YES;
				CLANG_ENABLE_OBJC_WEAK = YES;
				CLANG_WARN_BLOCK_CAPTURE_AUTORELEASING = YES;
				CLANG_WARN_BOOL_CONVERSION = YES;
				CLANG_WARN_COMMA = YES;
				CLANG_WARN_CONSTANT_CONVERSION = YES;
				CLANG_WARN_DEPRECATED_OBJC_IMPLEMENTATIONS = YES;
				CLANG_WARN_DIRECT_OBJC_ISA_USAGE = YES_ERROR;
				CLANG_WARN_DOCUMENTATION_COMMENTS = YES;
				CLANG_WARN_EMPTY_BODY = YES;
				CLANG_WARN_ENUM_CONVERSION = YES;
				CLANG_WARN_INFINITE_RECURSION = YES;
				CLANG_WARN_INT_CONVERSION = YES;
				CLANG_WARN_NON_LITERAL_NULL_CONVERSION = YES;
				CLANG_WARN_OBJC_IMPLICIT_RETAIN_SELF = YES;
				CLANG_WARN_OBJC_LITERAL_CONVERSION = YES;
				CLANG_WARN_OBJC_ROOT_CLASS = YES_ERROR;
				CLANG_WARN_QUOTED_INCLUDE_IN_FRAMEWORK_HEADER = YES;
				CLANG_WARN_RANGE_LOOP_ANALYSIS = YES;
				CLANG_WARN_STRICT_PROTOTYPES = YES;
				CLANG_WARN_SUSPICIOUS_MOVE = YES;
				CLANG_WARN_UNGUARDED_AVAILABILITY = YES_AGGRESSIVE;
				CLANG_WARN_UNREACHABLE_CODE = YES;
				CLANG_WARN__DUPLICATE_METHOD_MATCH = YES;
				COPY_PHASE_STRIP = NO;
				DEBUG_INFORMATION_FORMAT = dwarf;
				ENABLE_STRICT_OBJC_MSGSEND = YES;
				ENABLE_TESTABILITY = YES;
				GCC_C_LANGUAGE_STANDARD = gnu11;
				GCC_DYNAMIC_NO_PIC = NO;
				GCC_NO_COMMON_BLOCKS = YES;
				GCC_OPTIMIZATION_LEVEL = 0;
				GCC_PREPROCESSOR_DEFINITIONS = (
					"DEBUG=1",
					"$(inherited)",
				);
				GCC_WARN_64_TO_32_BIT_CONVERSION = YES;
				GCC_WARN_ABOUT_RETURN_TYPE = YES_ERROR;
				GCC_WARN_UNDECLARED_SELECTOR = YES;
				GCC_WARN_UNINITIALIZED_AUTOS = YES_AGGRESSIVE;
				GCC_WARN_UNUSED_FUNCTION = YES;
				GCC_WARN_UNUSED_VARIABLE = YES;
				IPHONEOS_DEPLOYMENT_TARGET = 16.4;
				MTL_ENABLE_DEBUG_INFO = INCLUDE_SOURCE;
				MTL_FAST_MATH = YES;
				ONLY_ACTIVE_ARCH = YES;
				SDKROOT = iphoneos;
				SWIFT_ACTIVE_COMPILATION_CONDITIONS = DEBUG;
				SWIFT_OPTIMIZATION_LEVEL = "-Onone";
			};
			name = Debug;
		};
		BD89764F2A4C8E8700238BCE /* Release */ = {
			isa = XCBuildConfiguration;
			buildSettings = {
				ALWAYS_SEARCH_USER_PATHS = NO;
				CLANG_ANALYZER_NONNULL = YES;
				CLANG_ANALYZER_NUMBER_OBJECT_CONVERSION = YES_AGGRESSIVE;
				CLANG_CXX_LANGUAGE_STANDARD = "gnu++20";
				CLANG_ENABLE_MODULES = YES;
				CLANG_ENABLE_OBJC_ARC = YES;
				CLANG_ENABLE_OBJC_WEAK = YES;
				CLANG_WARN_BLOCK_CAPTURE_AUTORELEASING = YES;
				CLANG_WARN_BOOL_CONVERSION = YES;
				CLANG_WARN_COMMA = YES;
				CLANG_WARN_CONSTANT_CONVERSION = YES;
				CLANG_WARN_DEPRECATED_OBJC_IMPLEMENTATIONS = YES;
				CLANG_WARN_DIRECT_OBJC_ISA_USAGE = YES_ERROR;
				CLANG_WARN_DOCUMENTATION_COMMENTS = YES;
				CLANG_WARN_EMPTY_BODY = YES;
				CLANG_WARN_ENUM_CONVERSION = YES;
				CLANG_WARN_INFINITE_RECURSION = YES;
				CLANG_WARN_INT_CONVERSION = YES;
				CLANG_WARN_NON_LITERAL_NULL_CONVERSION = YES;
				CLANG_WARN_OBJC_IMPLICIT_RETAIN_SELF = YES;
				CLANG_WARN_OBJC_LITERAL_CONVERSION = YES;
				CLANG_WARN_OBJC_ROOT_CLASS = YES_ERROR;
				CLANG_WARN_QUOTED_INCLUDE_IN_FRAMEWORK_HEADER = YES;
				CLANG_WARN_RANGE_LOOP_ANALYSIS = YES;
				CLANG_WARN_STRICT_PROTOTYPES = YES;
				CLANG_WARN_SUSPICIOUS_MOVE = YES;
				CLANG_WARN_UNGUARDED_AVAILABILITY = YES_AGGRESSIVE;
				CLANG_WARN_UNREACHABLE_CODE = YES;
				CLANG_WARN__DUPLICATE_METHOD_MATCH = YES;
				COPY_PHASE_STRIP = NO;
				DEBUG_INFORMATION_FORMAT = "dwarf-with-dsym";
				ENABLE_NS_ASSERTIONS = NO;
				ENABLE_STRICT_OBJC_MSGSEND = YES;
				GCC_C_LANGUAGE_STANDARD = gnu11;
				GCC_NO_COMMON_BLOCKS = YES;
				GCC_WARN_64_TO_32_BIT_CONVERSION = YES;
				GCC_WARN_ABOUT_RETURN_TYPE = YES_ERROR;
				GCC_WARN_UNDECLARED_SELECTOR = YES;
				GCC_WARN_UNINITIALIZED_AUTOS = YES_AGGRESSIVE;
				GCC_WARN_UNUSED_FUNCTION = YES;
				GCC_WARN_UNUSED_VARIABLE = YES;
				IPHONEOS_DEPLOYMENT_TARGET = 16.4;
				MTL_ENABLE_DEBUG_INFO = NO;
				MTL_FAST_MATH = YES;
				SDKROOT = iphoneos;
				SWIFT_COMPILATION_MODE = wholemodule;
				SWIFT_OPTIMIZATION_LEVEL = "-O";
				VALIDATE_PRODUCT = YES;
			};
			name = Release;
		};
		BD8976512A4C8E8700238BCE /* Debug */ = {
			isa = XCBuildConfiguration;
			buildSettings = {
				ASSETCATALOG_COMPILER_APPICON_NAME = AppIcon;
				ASSETCATALOG_COMPILER_GLOBAL_ACCENT_COLOR_NAME = AccentColor;
				CODE_SIGN_STYLE = Automatic;
				CURRENT_PROJECT_VERSION = 1;
				DEVELOPMENT_ASSET_PATHS = "\"evermore/Preview Content\"";
				ENABLE_PREVIEWS = YES;
				GENERATE_INFOPLIST_FILE = YES;
				INFOPLIST_KEY_UIApplicationSceneManifest_Generation = YES;
				INFOPLIST_KEY_UIApplicationSupportsIndirectInputEvents = YES;
				INFOPLIST_KEY_UILaunchScreen_Generation = YES;
				INFOPLIST_KEY_UISupportedInterfaceOrientations_iPad = "UIInterfaceOrientationPortrait UIInterfaceOrientationPortraitUpsideDown UIInterfaceOrientationLandscapeLeft UIInterfaceOrientationLandscapeRight";
				INFOPLIST_KEY_UISupportedInterfaceOrientations_iPhone = "UIInterfaceOrientationPortrait UIInterfaceOrientationLandscapeLeft UIInterfaceOrientationLandscapeRight";
				LD_RUNPATH_SEARCH_PATHS = (
					"$(inherited)",
					"@executable_path/Frameworks",
				);
				MARKETING_VERSION = 1.0;
				PRODUCT_BUNDLE_IDENTIFIER = "Kode-With-Klossy.evermore";
				PRODUCT_NAME = "$(TARGET_NAME)";
				SWIFT_EMIT_LOC_STRINGS = YES;
				SWIFT_VERSION = 5.0;
				TARGETED_DEVICE_FAMILY = "1,2";
			};
			name = Debug;
		};
		BD8976522A4C8E8700238BCE /* Release */ = {
			isa = XCBuildConfiguration;
			buildSettings = {
				ASSETCATALOG_COMPILER_APPICON_NAME = AppIcon;
				ASSETCATALOG_COMPILER_GLOBAL_ACCENT_COLOR_NAME = AccentColor;
				CODE_SIGN_STYLE = Automatic;
				CURRENT_PROJECT_VERSION = 1;
				DEVELOPMENT_ASSET_PATHS = "\"evermore/Preview Content\"";
				ENABLE_PREVIEWS = YES;
				GENERATE_INFOPLIST_FILE = YES;
				INFOPLIST_KEY_UIApplicationSceneManifest_Generation = YES;
				INFOPLIST_KEY_UIApplicationSupportsIndirectInputEvents = YES;
				INFOPLIST_KEY_UILaunchScreen_Generation = YES;
				INFOPLIST_KEY_UISupportedInterfaceOrientations_iPad = "UIInterfaceOrientationPortrait UIInterfaceOrientationPortraitUpsideDown UIInterfaceOrientationLandscapeLeft UIInterfaceOrientationLandscapeRight";
				INFOPLIST_KEY_UISupportedInterfaceOrientations_iPhone = "UIInterfaceOrientationPortrait UIInterfaceOrientationLandscapeLeft UIInterfaceOrientationLandscapeRight";
				LD_RUNPATH_SEARCH_PATHS = (
					"$(inherited)",
					"@executable_path/Frameworks",
				);
				MARKETING_VERSION = 1.0;
				PRODUCT_BUNDLE_IDENTIFIER = "Kode-With-Klossy.evermore";
				PRODUCT_NAME = "$(TARGET_NAME)";
				SWIFT_EMIT_LOC_STRINGS = YES;
				SWIFT_VERSION = 5.0;
				TARGETED_DEVICE_FAMILY = "1,2";
			};
			name = Release;
		};
/* End XCBuildConfiguration section */

/* Begin XCConfigurationList section */
		BD89763D2A4C8E8600238BCE /* Build configuration list for PBXProject "evermore" */ = {
			isa = XCConfigurationList;
			buildConfigurations = (
				BD89764E2A4C8E8700238BCE /* Debug */,
				BD89764F2A4C8E8700238BCE /* Release */,
			);
			defaultConfigurationIsVisible = 0;
			defaultConfigurationName = Release;
		};
		BD8976502A4C8E8700238BCE /* Build configuration list for PBXNativeTarget "evermore" */ = {
			isa = XCConfigurationList;
			buildConfigurations = (
				BD8976512A4C8E8700238BCE /* Debug */,
				BD8976522A4C8E8700238BCE /* Release */,
			);
			defaultConfigurationIsVisible = 0;
			defaultConfigurationName = Release;
		};
/* End XCConfigurationList section */
	};
	rootObject = BD89763A2A4C8E8600238BCE /* Project object */;
}
